
Microsoft Visual Studio Solution File, Format Version 12.00
# Visual Studio Version 16
VisualStudioVersion = 16.0.30309.148
MinimumVisualStudioVersion = 10.0.40219.1
Project("{FAE04EC0-301F-11D3-BF4B-00C04F79EFBC}") = "LetterLoop", "LetterLoop\LetterLoop.csproj", "{0A2B92B6-5B3F-4EE9-B379-509C60B58517}"
EndProject
Global
	GlobalSection(SolutionConfigurationPlatforms) = preSolution
		Debug|Any CPU = Debug|Any CPU
		Release|Any CPU = Release|Any CPU
	EndGlobalSection
	GlobalSection(ProjectConfigurationPlatforms) = postSolution
		{0A2B92B6-5B3F-4EE9-B379-509C60B58517}.Debug|Any CPU.ActiveCfg = Debug|Any CPU
		{0A2B92B6-5B3F-4EE9-B379-509C60B58517}.Debug|Any CPU.Build.0 = Debug|Any CPU
		{0A2B92B6-5B3F-4EE9-B379-509C60B58517}.Release|Any CPU.ActiveCfg = Release|Any CPU
		{0A2B92B6-5B3F-4EE9-B379-509C60B58517}.Release|Any CPU.Build.0 = Release|Any CPU
	EndGlobalSection
	GlobalSection(SolutionProperties) = preSolution
		HideSolutionNode = FALSE
	EndGlobalSection
	GlobalSection(ExtensibilityGlobals) = postSolution
		SolutionGuid = {57363E79-28B7-45BF-BDAB-261054E5E9F0}
	EndGlobalSection
EndGlobal
